
Microsoft Visual Studio Solution File, Format Version 12.00
Project("{FAE04EC0-301F-11D3-BF4B-00C04F79EFBC}") = "MinecraftMapper", "MinecraftMapper\MinecraftMapper.csproj", "{5AE406A8-7C09-42C6-905C-5B3A5518A260}"
EndProject
Project("{FAE04EC0-301F-11D3-BF4B-00C04F79EFBC}") = "MinecraftMapper.Tests", "MinecraftMapper.Tests\MinecraftMapper.Tests.csproj", "{B97124C8-9B1B-4DEA-B9CB-8818716F5151}"
EndProject
Project("{2150E333-8FDC-42A3-9474-1A3956D46DE8}") = "Admin", "Admin", "{274A2D1E-F36F-49EE-8C45-5BB687CD273E}"
	ProjectSection(SolutionItems) = preProject
		README.md = README.md
		Dockerfile = Dockerfile
		.config\dotnet-tools.json = .config\dotnet-tools.json
		.dockerignore = .dockerignore
	EndProjectSection
EndProject
Global
	GlobalSection(SolutionConfigurationPlatforms) = preSolution
		Debug|Any CPU = Debug|Any CPU
		Release|Any CPU = Release|Any CPU
	EndGlobalSection
	GlobalSection(ProjectConfigurationPlatforms) = postSolution
		{5AE406A8-7C09-42C6-905C-5B3A5518A260}.Debug|Any CPU.ActiveCfg = Debug|Any CPU
		{5AE406A8-7C09-42C6-905C-5B3A5518A260}.Debug|Any CPU.Build.0 = Debug|Any CPU
		{5AE406A8-7C09-42C6-905C-5B3A5518A260}.Release|Any CPU.ActiveCfg = Release|Any CPU
		{5AE406A8-7C09-42C6-905C-5B3A5518A260}.Release|Any CPU.Build.0 = Release|Any CPU
		{B97124C8-9B1B-4DEA-B9CB-8818716F5151}.Debug|Any CPU.ActiveCfg = Debug|Any CPU
		{B97124C8-9B1B-4DEA-B9CB-8818716F5151}.Debug|Any CPU.Build.0 = Debug|Any CPU
		{B97124C8-9B1B-4DEA-B9CB-8818716F5151}.Release|Any CPU.ActiveCfg = Release|Any CPU
		{B97124C8-9B1B-4DEA-B9CB-8818716F5151}.Release|Any CPU.Build.0 = Release|Any CPU
	EndGlobalSection
EndGlobal
